
Microsoft Visual Studio Solution File, Format Version 12.00
# Visual Studio 15
VisualStudioVersion = 15.0.28307.168
MinimumVisualStudioVersion = 10.0.40219.1
Project("{9A19103F-16F7-4668-BE54-9A1E7A4F7556}") = "Amver.Api", "Amver.Api\Amver.Api.csproj", "{090ADCB0-419D-4F27-9FC4-727197C9CD7D}"
EndProject
Project("{9A19103F-16F7-4668-BE54-9A1E7A4F7556}") = "Amver.EfCli", "Amver.EfCli\Amver.EfCli.csproj", "{5BB8812B-A1FD-40C6-BD56-623C3DF00AAC}"
EndProject
Project("{9A19103F-16F7-4668-BE54-9A1E7A4F7556}") = "Amver.Domain", "Amver.Domain\Amver.Domain.csproj", "{D8196DF0-17B2-44E7-9CA1-DED8405090AB}"
EndProject
Project("{2150E333-8FDC-42A3-9474-1A3956D46DE8}") = "CustomUtils", "CustomUtils", "{85896D7F-67D3-4B01-A91F-4EBE873F48B9}"
EndProject
Project("{FAE04EC0-301F-11D3-BF4B-00C04F79EFBC}") = "FillCityAndCountryTables", "FillCityAndCountryTables\FillCityAndCountryTables.csproj", "{F05DA36F-53AE-4F47-BEBA-16EC7C3C7F24}"
EndProject
Project("{FAE04EC0-301F-11D3-BF4B-00C04F79EFBC}") = "Amver.MobileClient", "Amver.MobileClient\Amver.MobileClient\Amver.MobileClient.csproj", "{691AE14D-F202-4C66-B4F3-09F8EF44B47A}"
EndProject
Project("{FAE04EC0-301F-11D3-BF4B-00C04F79EFBC}") = "Amver.MobileClient.Android", "Amver.MobileClient\Amver.MobileClient.Android\Amver.MobileClient.Android.csproj", "{0FD68000-18DD-4546-807B-DDB89B843006}"
EndProject
Project("{FAE04EC0-301F-11D3-BF4B-00C04F79EFBC}") = "Amver.MobileClient.iOS", "Amver.MobileClient\Amver.MobileClient.iOS\Amver.MobileClient.iOS.csproj", "{04A211D1-6E47-42DB-B160-E1C64E0289D2}"
EndProject
Project("{2150E333-8FDC-42A3-9474-1A3956D46DE8}") = "Libraries", "Libraries", "{A77B0876-7AC9-4319-BBC8-BBC564591019}"
EndProject
Project("{FAE04EC0-301F-11D3-BF4B-00C04F79EFBC}") = "Amver.Libraries.Network", "Amver.Libraries.Network\Amver.Libraries.Network.csproj", "{372EC928-59BE-4FDE-A4C7-3534B9FFFC2B}"
EndProject
Project("{2150E333-8FDC-42A3-9474-1A3956D46DE8}") = "Tests", "Tests", "{0461133D-28EF-4281-88ED-6B915B3A9632}"
EndProject
Project("{9344BDBB-3E7F-41FC-A0DD-8665D75EE146}") = "Amver.Libraries.Validation", "Amver.Libraries.Validation\Amver.Libraries.Validation.csproj", "{D4B9C10D-8F9E-4EA3-918E-922FFCA238CC}"
EndProject
Project("{9344BDBB-3E7F-41FC-A0DD-8665D75EE146}") = "Amver.Api.Tests", "Amver.Api.Tests\Amver.Api.Tests.csproj", "{CFC3703C-C42B-45EF-8399-7501BAFF3F25}"
EndProject
Project("{FAE04EC0-301F-11D3-BF4B-00C04F79EFBC}") = "LocalizationCityAndCountryTable", "LocalizationCityAndCountryTable\LocalizationCityAndCountryTable.csproj", "{88AF8402-4C75-442A-8B32-BCD4E91A1D4A}"
EndProject
Global
	GlobalSection(SolutionConfigurationPlatforms) = preSolution
		Ad-Hoc|Any CPU = Ad-Hoc|Any CPU
		Ad-Hoc|iPhone = Ad-Hoc|iPhone
		Ad-Hoc|iPhoneSimulator = Ad-Hoc|iPhoneSimulator
		AppStore|Any CPU = AppStore|Any CPU
		AppStore|iPhone = AppStore|iPhone
		AppStore|iPhoneSimulator = AppStore|iPhoneSimulator
		Debug|Any CPU = Debug|Any CPU
		Debug|iPhone = Debug|iPhone
		Debug|iPhoneSimulator = Debug|iPhoneSimulator
		Release|Any CPU = Release|Any CPU
		Release|iPhone = Release|iPhone
		Release|iPhoneSimulator = Release|iPhoneSimulator
	EndGlobalSection
	GlobalSection(ProjectConfigurationPlatforms) = postSolution
		{090ADCB0-419D-4F27-9FC4-727197C9CD7D}.Ad-Hoc|Any CPU.ActiveCfg = Release|Any CPU
		{090ADCB0-419D-4F27-9FC4-727197C9CD7D}.Ad-Hoc|Any CPU.Build.0 = Release|Any CPU
		{090ADCB0-419D-4F27-9FC4-727197C9CD7D}.Ad-Hoc|iPhone.ActiveCfg = Release|Any CPU
		{090ADCB0-419D-4F27-9FC4-727197C9CD7D}.Ad-Hoc|iPhone.Build.0 = Release|Any CPU
		{090ADCB0-419D-4F27-9FC4-727197C9CD7D}.Ad-Hoc|iPhoneSimulator.ActiveCfg = Release|Any CPU
		{090ADCB0-419D-4F27-9FC4-727197C9CD7D}.Ad-Hoc|iPhoneSimulator.Build.0 = Release|Any CPU
		{090ADCB0-419D-4F27-9FC4-727197C9CD7D}.AppStore|Any CPU.ActiveCfg = Release|Any CPU
		{090ADCB0-419D-4F27-9FC4-727197C9CD7D}.AppStore|Any CPU.Build.0 = Release|Any CPU
		{090ADCB0-419D-4F27-9FC4-727197C9CD7D}.AppStore|iPhone.ActiveCfg = Release|Any CPU
		{090ADCB0-419D-4F27-9FC4-727197C9CD7D}.AppStore|iPhone.Build.0 = Release|Any CPU
		{090ADCB0-419D-4F27-9FC4-727197C9CD7D}.AppStore|iPhoneSimulator.ActiveCfg = Release|Any CPU
		{090ADCB0-419D-4F27-9FC4-727197C9CD7D}.AppStore|iPhoneSimulator.Build.0 = Release|Any CPU
		{090ADCB0-419D-4F27-9FC4-727197C9CD7D}.Debug|Any CPU.ActiveCfg = Debug|Any CPU
		{090ADCB0-419D-4F27-9FC4-727197C9CD7D}.Debug|Any CPU.Build.0 = Debug|Any CPU
		{090ADCB0-419D-4F27-9FC4-727197C9CD7D}.Debug|iPhone.ActiveCfg = Debug|Any CPU
		{090ADCB0-419D-4F27-9FC4-727197C9CD7D}.Debug|iPhone.Build.0 = Debug|Any CPU
		{090ADCB0-419D-4F27-9FC4-727197C9CD7D}.Debug|iPhoneSimulator.ActiveCfg = Debug|Any CPU
		{090ADCB0-419D-4F27-9FC4-727197C9CD7D}.Debug|iPhoneSimulator.Build.0 = Debug|Any CPU
		{090ADCB0-419D-4F27-9FC4-727197C9CD7D}.Release|Any CPU.ActiveCfg = Release|Any CPU
		{090ADCB0-419D-4F27-9FC4-727197C9CD7D}.Release|Any CPU.Build.0 = Release|Any CPU
		{090ADCB0-419D-4F27-9FC4-727197C9CD7D}.Release|iPhone.ActiveCfg = Release|Any CPU
		{090ADCB0-419D-4F27-9FC4-727197C9CD7D}.Release|iPhone.Build.0 = Release|Any CPU
		{090ADCB0-419D-4F27-9FC4-727197C9CD7D}.Release|iPhoneSimulator.ActiveCfg = Release|Any CPU
		{090ADCB0-419D-4F27-9FC4-727197C9CD7D}.Release|iPhoneSimulator.Build.0 = Release|Any CPU
		{5BB8812B-A1FD-40C6-BD56-623C3DF00AAC}.Ad-Hoc|Any CPU.ActiveCfg = Release|Any CPU
		{5BB8812B-A1FD-40C6-BD56-623C3DF00AAC}.Ad-Hoc|Any CPU.Build.0 = Release|Any CPU
		{5BB8812B-A1FD-40C6-BD56-623C3DF00AAC}.Ad-Hoc|iPhone.ActiveCfg = Release|Any CPU
		{5BB8812B-A1FD-40C6-BD56-623C3DF00AAC}.Ad-Hoc|iPhone.Build.0 = Release|Any CPU
		{5BB8812B-A1FD-40C6-BD56-623C3DF00AAC}.Ad-Hoc|iPhoneSimulator.ActiveCfg = Release|Any CPU
		{5BB8812B-A1FD-40C6-BD56-623C3DF00AAC}.Ad-Hoc|iPhoneSimulator.Build.0 = Release|Any CPU
		{5BB8812B-A1FD-40C6-BD56-623C3DF00AAC}.AppStore|Any CPU.ActiveCfg = Release|Any CPU
		{5BB8812B-A1FD-40C6-BD56-623C3DF00AAC}.AppStore|Any CPU.Build.0 = Release|Any CPU
		{5BB8812B-A1FD-40C6-BD56-623C3DF00AAC}.AppStore|iPhone.ActiveCfg = Release|Any CPU
		{5BB8812B-A1FD-40C6-BD56-623C3DF00AAC}.AppStore|iPhone.Build.0 = Release|Any CPU
		{5BB8812B-A1FD-40C6-BD56-623C3DF00AAC}.AppStore|iPhoneSimulator.ActiveCfg = Release|Any CPU
		{5BB8812B-A1FD-40C6-BD56-623C3DF00AAC}.AppStore|iPhoneSimulator.Build.0 = Release|Any CPU
		{5BB8812B-A1FD-40C6-BD56-623C3DF00AAC}.Debug|Any CPU.ActiveCfg = Debug|Any CPU
		{5BB8812B-A1FD-40C6-BD56-623C3DF00AAC}.Debug|Any CPU.Build.0 = Debug|Any CPU
		{5BB8812B-A1FD-40C6-BD56-623C3DF00AAC}.Debug|iPhone.ActiveCfg = Debug|Any CPU
		{5BB8812B-A1FD-40C6-BD56-623C3DF00AAC}.Debug|iPhone.Build.0 = Debug|Any CPU
		{5BB8812B-A1FD-40C6-BD56-623C3DF00AAC}.Debug|iPhoneSimulator.ActiveCfg = Debug|Any CPU
		{5BB8812B-A1FD-40C6-BD56-623C3DF00AAC}.Debug|iPhoneSimulator.Build.0 = Debug|Any CPU
		{5BB8812B-A1FD-40C6-BD56-623C3DF00AAC}.Release|Any CPU.ActiveCfg = Release|Any CPU
		{5BB8812B-A1FD-40C6-BD56-623C3DF00AAC}.Release|Any CPU.Build.0 = Release|Any CPU
		{5BB8812B-A1FD-40C6-BD56-623C3DF00AAC}.Release|iPhone.ActiveCfg = Release|Any CPU
		{5BB8812B-A1FD-40C6-BD56-623C3DF00AAC}.Release|iPhone.Build.0 = Release|Any CPU
		{5BB8812B-A1FD-40C6-BD56-623C3DF00AAC}.Release|iPhoneSimulator.ActiveCfg = Release|Any CPU
		{5BB8812B-A1FD-40C6-BD56-623C3DF00AAC}.Release|iPhoneSimulator.Build.0 = Release|Any CPU
		{D8196DF0-17B2-44E7-9CA1-DED8405090AB}.Ad-Hoc|Any CPU.ActiveCfg = Release|Any CPU
		{D8196DF0-17B2-44E7-9CA1-DED8405090AB}.Ad-Hoc|Any CPU.Build.0 = Release|Any CPU
		{D8196DF0-17B2-44E7-9CA1-DED8405090AB}.Ad-Hoc|iPhone.ActiveCfg = Release|Any CPU
		{D8196DF0-17B2-44E7-9CA1-DED8405090AB}.Ad-Hoc|iPhone.Build.0 = Release|Any CPU
		{D8196DF0-17B2-44E7-9CA1-DED8405090AB}.Ad-Hoc|iPhoneSimulator.ActiveCfg = Release|Any CPU
		{D8196DF0-17B2-44E7-9CA1-DED8405090AB}.Ad-Hoc|iPhoneSimulator.Build.0 = Release|Any CPU
		{D8196DF0-17B2-44E7-9CA1-DED8405090AB}.AppStore|Any CPU.ActiveCfg = Release|Any CPU
		{D8196DF0-17B2-44E7-9CA1-DED8405090AB}.AppStore|Any CPU.Build.0 = Release|Any CPU
		{D8196DF0-17B2-44E7-9CA1-DED8405090AB}.AppStore|iPhone.ActiveCfg = Release|Any CPU
		{D8196DF0-17B2-44E7-9CA1-DED8405090AB}.AppStore|iPhone.Build.0 = Release|Any CPU
		{D8196DF0-17B2-44E7-9CA1-DED8405090AB}.AppStore|iPhoneSimulator.ActiveCfg = Release|Any CPU
		{D8196DF0-17B2-44E7-9CA1-DED8405090AB}.AppStore|iPhoneSimulator.Build.0 = Release|Any CPU
		{D8196DF0-17B2-44E7-9CA1-DED8405090AB}.Debug|Any CPU.ActiveCfg = Debug|Any CPU
		{D8196DF0-17B2-44E7-9CA1-DED8405090AB}.Debug|Any CPU.Build.0 = Debug|Any CPU
		{D8196DF0-17B2-44E7-9CA1-DED8405090AB}.Debug|iPhone.ActiveCfg = Debug|Any CPU
		{D8196DF0-17B2-44E7-9CA1-DED8405090AB}.Debug|iPhone.Build.0 = Debug|Any CPU
		{D8196DF0-17B2-44E7-9CA1-DED8405090AB}.Debug|iPhoneSimulator.ActiveCfg = Debug|Any CPU
		{D8196DF0-17B2-44E7-9CA1-DED8405090AB}.Debug|iPhoneSimulator.Build.0 = Debug|Any CPU
		{D8196DF0-17B2-44E7-9CA1-DED8405090AB}.Release|Any CPU.ActiveCfg = Release|Any CPU
		{D8196DF0-17B2-44E7-9CA1-DED8405090AB}.Release|Any CPU.Build.0 = Release|Any CPU
		{D8196DF0-17B2-44E7-9CA1-DED8405090AB}.Release|iPhone.ActiveCfg = Release|Any CPU
		{D8196DF0-17B2-44E7-9CA1-DED8405090AB}.Release|iPhone.Build.0 = Release|Any CPU
		{D8196DF0-17B2-44E7-9CA1-DED8405090AB}.Release|iPhoneSimulator.ActiveCfg = Release|Any CPU
		{D8196DF0-17B2-44E7-9CA1-DED8405090AB}.Release|iPhoneSimulator.Build.0 = Release|Any CPU
		{F05DA36F-53AE-4F47-BEBA-16EC7C3C7F24}.Ad-Hoc|Any CPU.ActiveCfg = Release|Any CPU
		{F05DA36F-53AE-4F47-BEBA-16EC7C3C7F24}.Ad-Hoc|Any CPU.Build.0 = Release|Any CPU
		{F05DA36F-53AE-4F47-BEBA-16EC7C3C7F24}.Ad-Hoc|iPhone.ActiveCfg = Release|Any CPU
		{F05DA36F-53AE-4F47-BEBA-16EC7C3C7F24}.Ad-Hoc|iPhone.Build.0 = Release|Any CPU
		{F05DA36F-53AE-4F47-BEBA-16EC7C3C7F24}.Ad-Hoc|iPhoneSimulator.ActiveCfg = Release|Any CPU
		{F05DA36F-53AE-4F47-BEBA-16EC7C3C7F24}.Ad-Hoc|iPhoneSimulator.Build.0 = Release|Any CPU
		{F05DA36F-53AE-4F47-BEBA-16EC7C3C7F24}.AppStore|Any CPU.ActiveCfg = Release|Any CPU
		{F05DA36F-53AE-4F47-BEBA-16EC7C3C7F24}.AppStore|Any CPU.Build.0 = Release|Any CPU
		{F05DA36F-53AE-4F47-BEBA-16EC7C3C7F24}.AppStore|iPhone.ActiveCfg = Release|Any CPU
		{F05DA36F-53AE-4F47-BEBA-16EC7C3C7F24}.AppStore|iPhone.Build.0 = Release|Any CPU
		{F05DA36F-53AE-4F47-BEBA-16EC7C3C7F24}.AppStore|iPhoneSimulator.ActiveCfg = Release|Any CPU
		{F05DA36F-53AE-4F47-BEBA-16EC7C3C7F24}.AppStore|iPhoneSimulator.Build.0 = Release|Any CPU
		{F05DA36F-53AE-4F47-BEBA-16EC7C3C7F24}.Debug|Any CPU.ActiveCfg = Debug|Any CPU
		{F05DA36F-53AE-4F47-BEBA-16EC7C3C7F24}.Debug|Any CPU.Build.0 = Debug|Any CPU
		{F05DA36F-53AE-4F47-BEBA-16EC7C3C7F24}.Debug|iPhone.ActiveCfg = Debug|Any CPU
		{F05DA36F-53AE-4F47-BEBA-16EC7C3C7F24}.Debug|iPhone.Build.0 = Debug|Any CPU
		{F05DA36F-53AE-4F47-BEBA-16EC7C3C7F24}.Debug|iPhoneSimulator.ActiveCfg = Debug|Any CPU
		{F05DA36F-53AE-4F47-BEBA-16EC7C3C7F24}.Debug|iPhoneSimulator.Build.0 = Debug|Any CPU
		{F05DA36F-53AE-4F47-BEBA-16EC7C3C7F24}.Release|Any CPU.ActiveCfg = Release|Any CPU
		{F05DA36F-53AE-4F47-BEBA-16EC7C3C7F24}.Release|Any CPU.Build.0 = Release|Any CPU
		{F05DA36F-53AE-4F47-BEBA-16EC7C3C7F24}.Release|iPhone.ActiveCfg = Release|Any CPU
		{F05DA36F-53AE-4F47-BEBA-16EC7C3C7F24}.Release|iPhone.Build.0 = Release|Any CPU
		{F05DA36F-53AE-4F47-BEBA-16EC7C3C7F24}.Release|iPhoneSimulator.ActiveCfg = Release|Any CPU
		{F05DA36F-53AE-4F47-BEBA-16EC7C3C7F24}.Release|iPhoneSimulator.Build.0 = Release|Any CPU
		{691AE14D-F202-4C66-B4F3-09F8EF44B47A}.Ad-Hoc|Any CPU.ActiveCfg = Debug|Any CPU
		{691AE14D-F202-4C66-B4F3-09F8EF44B47A}.Ad-Hoc|Any CPU.Build.0 = Debug|Any CPU
		{691AE14D-F202-4C66-B4F3-09F8EF44B47A}.Ad-Hoc|iPhone.ActiveCfg = Debug|Any CPU
		{691AE14D-F202-4C66-B4F3-09F8EF44B47A}.Ad-Hoc|iPhone.Build.0 = Debug|Any CPU
		{691AE14D-F202-4C66-B4F3-09F8EF44B47A}.Ad-Hoc|iPhoneSimulator.ActiveCfg = Debug|Any CPU
		{691AE14D-F202-4C66-B4F3-09F8EF44B47A}.Ad-Hoc|iPhoneSimulator.Build.0 = Debug|Any CPU
		{691AE14D-F202-4C66-B4F3-09F8EF44B47A}.AppStore|Any CPU.ActiveCfg = Debug|Any CPU
		{691AE14D-F202-4C66-B4F3-09F8EF44B47A}.AppStore|Any CPU.Build.0 = Debug|Any CPU
		{691AE14D-F202-4C66-B4F3-09F8EF44B47A}.AppStore|iPhone.ActiveCfg = Debug|Any CPU
		{691AE14D-F202-4C66-B4F3-09F8EF44B47A}.AppStore|iPhone.Build.0 = Debug|Any CPU
		{691AE14D-F202-4C66-B4F3-09F8EF44B47A}.AppStore|iPhoneSimulator.ActiveCfg = Debug|Any CPU
		{691AE14D-F202-4C66-B4F3-09F8EF44B47A}.AppStore|iPhoneSimulator.Build.0 = Debug|Any CPU
		{691AE14D-F202-4C66-B4F3-09F8EF44B47A}.Debug|Any CPU.ActiveCfg = Debug|Any CPU
		{691AE14D-F202-4C66-B4F3-09F8EF44B47A}.Debug|Any CPU.Build.0 = Debug|Any CPU
		{691AE14D-F202-4C66-B4F3-09F8EF44B47A}.Debug|iPhone.ActiveCfg = Debug|Any CPU
		{691AE14D-F202-4C66-B4F3-09F8EF44B47A}.Debug|iPhone.Build.0 = Debug|Any CPU
		{691AE14D-F202-4C66-B4F3-09F8EF44B47A}.Debug|iPhoneSimulator.ActiveCfg = Debug|Any CPU
		{691AE14D-F202-4C66-B4F3-09F8EF44B47A}.Debug|iPhoneSimulator.Build.0 = Debug|Any CPU
		{691AE14D-F202-4C66-B4F3-09F8EF44B47A}.Release|Any CPU.ActiveCfg = Release|Any CPU
		{691AE14D-F202-4C66-B4F3-09F8EF44B47A}.Release|Any CPU.Build.0 = Release|Any CPU
		{691AE14D-F202-4C66-B4F3-09F8EF44B47A}.Release|iPhone.ActiveCfg = Release|Any CPU
		{691AE14D-F202-4C66-B4F3-09F8EF44B47A}.Release|iPhone.Build.0 = Release|Any CPU
		{691AE14D-F202-4C66-B4F3-09F8EF44B47A}.Release|iPhoneSimulator.ActiveCfg = Release|Any CPU
		{691AE14D-F202-4C66-B4F3-09F8EF44B47A}.Release|iPhoneSimulator.Build.0 = Release|Any CPU
		{0FD68000-18DD-4546-807B-DDB89B843006}.Ad-Hoc|Any CPU.ActiveCfg = Debug|Any CPU
		{0FD68000-18DD-4546-807B-DDB89B843006}.Ad-Hoc|Any CPU.Build.0 = Debug|Any CPU
		{0FD68000-18DD-4546-807B-DDB89B843006}.Ad-Hoc|iPhone.ActiveCfg = Debug|Any CPU
		{0FD68000-18DD-4546-807B-DDB89B843006}.Ad-Hoc|iPhone.Build.0 = Debug|Any CPU
		{0FD68000-18DD-4546-807B-DDB89B843006}.Ad-Hoc|iPhoneSimulator.ActiveCfg = Debug|Any CPU
		{0FD68000-18DD-4546-807B-DDB89B843006}.Ad-Hoc|iPhoneSimulator.Build.0 = Debug|Any CPU
		{0FD68000-18DD-4546-807B-DDB89B843006}.AppStore|Any CPU.ActiveCfg = Debug|Any CPU
		{0FD68000-18DD-4546-807B-DDB89B843006}.AppStore|Any CPU.Build.0 = Debug|Any CPU
		{0FD68000-18DD-4546-807B-DDB89B843006}.AppStore|iPhone.ActiveCfg = Debug|Any CPU
		{0FD68000-18DD-4546-807B-DDB89B843006}.AppStore|iPhone.Build.0 = Debug|Any CPU
		{0FD68000-18DD-4546-807B-DDB89B843006}.AppStore|iPhoneSimulator.ActiveCfg = Debug|Any CPU
		{0FD68000-18DD-4546-807B-DDB89B843006}.AppStore|iPhoneSimulator.Build.0 = Debug|Any CPU
		{0FD68000-18DD-4546-807B-DDB89B843006}.Debug|Any CPU.ActiveCfg = Debug|Any CPU
		{0FD68000-18DD-4546-807B-DDB89B843006}.Debug|Any CPU.Build.0 = Debug|Any CPU
		{0FD68000-18DD-4546-807B-DDB89B843006}.Debug|iPhone.ActiveCfg = Debug|Any CPU
		{0FD68000-18DD-4546-807B-DDB89B843006}.Debug|iPhone.Build.0 = Debug|Any CPU
		{0FD68000-18DD-4546-807B-DDB89B843006}.Debug|iPhoneSimulator.ActiveCfg = Debug|Any CPU
		{0FD68000-18DD-4546-807B-DDB89B843006}.Debug|iPhoneSimulator.Build.0 = Debug|Any CPU
		{0FD68000-18DD-4546-807B-DDB89B843006}.Release|Any CPU.ActiveCfg = Release|Any CPU
		{0FD68000-18DD-4546-807B-DDB89B843006}.Release|Any CPU.Build.0 = Release|Any CPU
		{0FD68000-18DD-4546-807B-DDB89B843006}.Release|iPhone.ActiveCfg = Release|Any CPU
		{0FD68000-18DD-4546-807B-DDB89B843006}.Release|iPhone.Build.0 = Release|Any CPU
		{0FD68000-18DD-4546-807B-DDB89B843006}.Release|iPhoneSimulator.ActiveCfg = Release|Any CPU
		{0FD68000-18DD-4546-807B-DDB89B843006}.Release|iPhoneSimulator.Build.0 = Release|Any CPU
		{04A211D1-6E47-42DB-B160-E1C64E0289D2}.Ad-Hoc|Any CPU.ActiveCfg = Ad-Hoc|iPhone
		{04A211D1-6E47-42DB-B160-E1C64E0289D2}.Ad-Hoc|Any CPU.Build.0 = Ad-Hoc|iPhone
		{04A211D1-6E47-42DB-B160-E1C64E0289D2}.Ad-Hoc|iPhone.ActiveCfg = Ad-Hoc|iPhone
		{04A211D1-6E47-42DB-B160-E1C64E0289D2}.Ad-Hoc|iPhone.Build.0 = Ad-Hoc|iPhone
		{04A211D1-6E47-42DB-B160-E1C64E0289D2}.Ad-Hoc|iPhoneSimulator.ActiveCfg = Ad-Hoc|iPhone
		{04A211D1-6E47-42DB-B160-E1C64E0289D2}.Ad-Hoc|iPhoneSimulator.Build.0 = Ad-Hoc|iPhone
		{04A211D1-6E47-42DB-B160-E1C64E0289D2}.AppStore|Any CPU.ActiveCfg = AppStore|iPhone
		{04A211D1-6E47-42DB-B160-E1C64E0289D2}.AppStore|Any CPU.Build.0 = AppStore|iPhone
		{04A211D1-6E47-42DB-B160-E1C64E0289D2}.AppStore|iPhone.ActiveCfg = AppStore|iPhone
		{04A211D1-6E47-42DB-B160-E1C64E0289D2}.AppStore|iPhone.Build.0 = AppStore|iPhone
		{04A211D1-6E47-42DB-B160-E1C64E0289D2}.AppStore|iPhoneSimulator.ActiveCfg = AppStore|iPhone
		{04A211D1-6E47-42DB-B160-E1C64E0289D2}.AppStore|iPhoneSimulator.Build.0 = AppStore|iPhone
		{04A211D1-6E47-42DB-B160-E1C64E0289D2}.Debug|Any CPU.ActiveCfg = Debug|iPhoneSimulator
		{04A211D1-6E47-42DB-B160-E1C64E0289D2}.Debug|Any CPU.Build.0 = Debug|iPhoneSimulator
		{04A211D1-6E47-42DB-B160-E1C64E0289D2}.Release|Any CPU.ActiveCfg = Release|iPhoneSimulator
		{04A211D1-6E47-42DB-B160-E1C64E0289D2}.Release|Any CPU.Build.0 = Release|iPhoneSimulator
		{04A211D1-6E47-42DB-B160-E1C64E0289D2}.Release|iPhone.ActiveCfg = Release|iPhone
		{04A211D1-6E47-42DB-B160-E1C64E0289D2}.Release|iPhone.Build.0 = Release|iPhone
		{04A211D1-6E47-42DB-B160-E1C64E0289D2}.Release|iPhoneSimulator.ActiveCfg = Release|iPhoneSimulator
		{04A211D1-6E47-42DB-B160-E1C64E0289D2}.Release|iPhoneSimulator.Build.0 = Release|iPhoneSimulator
		{04A211D1-6E47-42DB-B160-E1C64E0289D2}.Debug|iPhoneSimulator.ActiveCfg = Debug|iPhoneSimulator
		{04A211D1-6E47-42DB-B160-E1C64E0289D2}.Debug|iPhoneSimulator.Build.0 = Debug|iPhoneSimulator
		{04A211D1-6E47-42DB-B160-E1C64E0289D2}.Debug|iPhone.ActiveCfg = Release|iPhone
		{04A211D1-6E47-42DB-B160-E1C64E0289D2}.Debug|iPhone.Build.0 = Release|iPhone
		{372EC928-59BE-4FDE-A4C7-3534B9FFFC2B}.Ad-Hoc|Any CPU.ActiveCfg = Debug|Any CPU
		{372EC928-59BE-4FDE-A4C7-3534B9FFFC2B}.Ad-Hoc|Any CPU.Build.0 = Debug|Any CPU
		{372EC928-59BE-4FDE-A4C7-3534B9FFFC2B}.Ad-Hoc|iPhone.ActiveCfg = Debug|Any CPU
		{372EC928-59BE-4FDE-A4C7-3534B9FFFC2B}.Ad-Hoc|iPhone.Build.0 = Debug|Any CPU
		{372EC928-59BE-4FDE-A4C7-3534B9FFFC2B}.Ad-Hoc|iPhoneSimulator.ActiveCfg = Debug|Any CPU
		{372EC928-59BE-4FDE-A4C7-3534B9FFFC2B}.Ad-Hoc|iPhoneSimulator.Build.0 = Debug|Any CPU
		{372EC928-59BE-4FDE-A4C7-3534B9FFFC2B}.AppStore|Any CPU.ActiveCfg = Debug|Any CPU
		{372EC928-59BE-4FDE-A4C7-3534B9FFFC2B}.AppStore|Any CPU.Build.0 = Debug|Any CPU
		{372EC928-59BE-4FDE-A4C7-3534B9FFFC2B}.AppStore|iPhone.ActiveCfg = Debug|Any CPU
		{372EC928-59BE-4FDE-A4C7-3534B9FFFC2B}.AppStore|iPhone.Build.0 = Debug|Any CPU
		{372EC928-59BE-4FDE-A4C7-3534B9FFFC2B}.AppStore|iPhoneSimulator.ActiveCfg = Debug|Any CPU
		{372EC928-59BE-4FDE-A4C7-3534B9FFFC2B}.AppStore|iPhoneSimulator.Build.0 = Debug|Any CPU
		{372EC928-59BE-4FDE-A4C7-3534B9FFFC2B}.Debug|Any CPU.ActiveCfg = Debug|Any CPU
		{372EC928-59BE-4FDE-A4C7-3534B9FFFC2B}.Debug|Any CPU.Build.0 = Debug|Any CPU
		{372EC928-59BE-4FDE-A4C7-3534B9FFFC2B}.Debug|iPhone.ActiveCfg = Debug|Any CPU
		{372EC928-59BE-4FDE-A4C7-3534B9FFFC2B}.Debug|iPhone.Build.0 = Debug|Any CPU
		{372EC928-59BE-4FDE-A4C7-3534B9FFFC2B}.Debug|iPhoneSimulator.ActiveCfg = Debug|Any CPU
		{372EC928-59BE-4FDE-A4C7-3534B9FFFC2B}.Debug|iPhoneSimulator.Build.0 = Debug|Any CPU
		{372EC928-59BE-4FDE-A4C7-3534B9FFFC2B}.Release|Any CPU.ActiveCfg = Release|Any CPU
		{372EC928-59BE-4FDE-A4C7-3534B9FFFC2B}.Release|Any CPU.Build.0 = Release|Any CPU
		{372EC928-59BE-4FDE-A4C7-3534B9FFFC2B}.Release|iPhone.ActiveCfg = Release|Any CPU
		{372EC928-59BE-4FDE-A4C7-3534B9FFFC2B}.Release|iPhone.Build.0 = Release|Any CPU
		{372EC928-59BE-4FDE-A4C7-3534B9FFFC2B}.Release|iPhoneSimulator.ActiveCfg = Release|Any CPU
		{372EC928-59BE-4FDE-A4C7-3534B9FFFC2B}.Release|iPhoneSimulator.Build.0 = Release|Any CPU
		{D4B9C10D-8F9E-4EA3-918E-922FFCA238CC}.Ad-Hoc|Any CPU.ActiveCfg = Debug|Any CPU
		{D4B9C10D-8F9E-4EA3-918E-922FFCA238CC}.Ad-Hoc|Any CPU.Build.0 = Debug|Any CPU
		{D4B9C10D-8F9E-4EA3-918E-922FFCA238CC}.Ad-Hoc|iPhone.ActiveCfg = Debug|Any CPU
		{D4B9C10D-8F9E-4EA3-918E-922FFCA238CC}.Ad-Hoc|iPhone.Build.0 = Debug|Any CPU
		{D4B9C10D-8F9E-4EA3-918E-922FFCA238CC}.Ad-Hoc|iPhoneSimulator.ActiveCfg = Debug|Any CPU
		{D4B9C10D-8F9E-4EA3-918E-922FFCA238CC}.Ad-Hoc|iPhoneSimulator.Build.0 = Debug|Any CPU
		{D4B9C10D-8F9E-4EA3-918E-922FFCA238CC}.AppStore|Any CPU.ActiveCfg = Debug|Any CPU
		{D4B9C10D-8F9E-4EA3-918E-922FFCA238CC}.AppStore|Any CPU.Build.0 = Debug|Any CPU
		{D4B9C10D-8F9E-4EA3-918E-922FFCA238CC}.AppStore|iPhone.ActiveCfg = Debug|Any CPU
		{D4B9C10D-8F9E-4EA3-918E-922FFCA238CC}.AppStore|iPhone.Build.0 = Debug|Any CPU
		{D4B9C10D-8F9E-4EA3-918E-922FFCA238CC}.AppStore|iPhoneSimulator.ActiveCfg = Debug|Any CPU
		{D4B9C10D-8F9E-4EA3-918E-922FFCA238CC}.AppStore|iPhoneSimulator.Build.0 = Debug|Any CPU
		{D4B9C10D-8F9E-4EA3-918E-922FFCA238CC}.Debug|Any CPU.ActiveCfg = Debug|Any CPU
		{D4B9C10D-8F9E-4EA3-918E-922FFCA238CC}.Debug|Any CPU.Build.0 = Debug|Any CPU
		{D4B9C10D-8F9E-4EA3-918E-922FFCA238CC}.Debug|iPhone.ActiveCfg = Debug|Any CPU
		{D4B9C10D-8F9E-4EA3-918E-922FFCA238CC}.Debug|iPhone.Build.0 = Debug|Any CPU
		{D4B9C10D-8F9E-4EA3-918E-922FFCA238CC}.Debug|iPhoneSimulator.ActiveCfg = Debug|Any CPU
		{D4B9C10D-8F9E-4EA3-918E-922FFCA238CC}.Debug|iPhoneSimulator.Build.0 = Debug|Any CPU
		{D4B9C10D-8F9E-4EA3-918E-922FFCA238CC}.Release|Any CPU.ActiveCfg = Release|Any CPU
		{D4B9C10D-8F9E-4EA3-918E-922FFCA238CC}.Release|Any CPU.Build.0 = Release|Any CPU
		{D4B9C10D-8F9E-4EA3-918E-922FFCA238CC}.Release|iPhone.ActiveCfg = Release|Any CPU
		{D4B9C10D-8F9E-4EA3-918E-922FFCA238CC}.Release|iPhone.Build.0 = Release|Any CPU
		{D4B9C10D-8F9E-4EA3-918E-922FFCA238CC}.Release|iPhoneSimulator.ActiveCfg = Release|Any CPU
		{D4B9C10D-8F9E-4EA3-918E-922FFCA238CC}.Release|iPhoneSimulator.Build.0 = Release|Any CPU
		{CFC3703C-C42B-45EF-8399-7501BAFF3F25}.Ad-Hoc|Any CPU.ActiveCfg = Debug|Any CPU
		{CFC3703C-C42B-45EF-8399-7501BAFF3F25}.Ad-Hoc|Any CPU.Build.0 = Debug|Any CPU
		{CFC3703C-C42B-45EF-8399-7501BAFF3F25}.Ad-Hoc|iPhone.ActiveCfg = Debug|Any CPU
		{CFC3703C-C42B-45EF-8399-7501BAFF3F25}.Ad-Hoc|iPhone.Build.0 = Debug|Any CPU
		{CFC3703C-C42B-45EF-8399-7501BAFF3F25}.Ad-Hoc|iPhoneSimulator.ActiveCfg = Debug|Any CPU
		{CFC3703C-C42B-45EF-8399-7501BAFF3F25}.Ad-Hoc|iPhoneSimulator.Build.0 = Debug|Any CPU
		{CFC3703C-C42B-45EF-8399-7501BAFF3F25}.AppStore|Any CPU.ActiveCfg = Debug|Any CPU
		{CFC3703C-C42B-45EF-8399-7501BAFF3F25}.AppStore|Any CPU.Build.0 = Debug|Any CPU
		{CFC3703C-C42B-45EF-8399-7501BAFF3F25}.AppStore|iPhone.ActiveCfg = Debug|Any CPU
		{CFC3703C-C42B-45EF-8399-7501BAFF3F25}.AppStore|iPhone.Build.0 = Debug|Any CPU
		{CFC3703C-C42B-45EF-8399-7501BAFF3F25}.AppStore|iPhoneSimulator.ActiveCfg = Debug|Any CPU
		{CFC3703C-C42B-45EF-8399-7501BAFF3F25}.AppStore|iPhoneSimulator.Build.0 = Debug|Any CPU
		{CFC3703C-C42B-45EF-8399-7501BAFF3F25}.Debug|Any CPU.ActiveCfg = Debug|Any CPU
		{CFC3703C-C42B-45EF-8399-7501BAFF3F25}.Debug|Any CPU.Build.0 = Debug|Any CPU
		{CFC3703C-C42B-45EF-8399-7501BAFF3F25}.Debug|iPhone.ActiveCfg = Debug|Any CPU
		{CFC3703C-C42B-45EF-8399-7501BAFF3F25}.Debug|iPhone.Build.0 = Debug|Any CPU
		{CFC3703C-C42B-45EF-8399-7501BAFF3F25}.Debug|iPhoneSimulator.ActiveCfg = Debug|Any CPU
		{CFC3703C-C42B-45EF-8399-7501BAFF3F25}.Debug|iPhoneSimulator.Build.0 = Debug|Any CPU
		{CFC3703C-C42B-45EF-8399-7501BAFF3F25}.Release|Any CPU.ActiveCfg = Release|Any CPU
		{CFC3703C-C42B-45EF-8399-7501BAFF3F25}.Release|Any CPU.Build.0 = Release|Any CPU
		{CFC3703C-C42B-45EF-8399-7501BAFF3F25}.Release|iPhone.ActiveCfg = Release|Any CPU
		{CFC3703C-C42B-45EF-8399-7501BAFF3F25}.Release|iPhone.Build.0 = Release|Any CPU
		{CFC3703C-C42B-45EF-8399-7501BAFF3F25}.Release|iPhoneSimulator.ActiveCfg = Release|Any CPU
		{CFC3703C-C42B-45EF-8399-7501BAFF3F25}.Release|iPhoneSimulator.Build.0 = Release|Any CPU
		{88AF8402-4C75-442A-8B32-BCD4E91A1D4A}.Ad-Hoc|Any CPU.ActiveCfg = Debug|Any CPU
		{88AF8402-4C75-442A-8B32-BCD4E91A1D4A}.Ad-Hoc|Any CPU.Build.0 = Debug|Any CPU
		{88AF8402-4C75-442A-8B32-BCD4E91A1D4A}.Ad-Hoc|iPhone.ActiveCfg = Debug|Any CPU
		{88AF8402-4C75-442A-8B32-BCD4E91A1D4A}.Ad-Hoc|iPhone.Build.0 = Debug|Any CPU
		{88AF8402-4C75-442A-8B32-BCD4E91A1D4A}.Ad-Hoc|iPhoneSimulator.ActiveCfg = Debug|Any CPU
		{88AF8402-4C75-442A-8B32-BCD4E91A1D4A}.Ad-Hoc|iPhoneSimulator.Build.0 = Debug|Any CPU
		{88AF8402-4C75-442A-8B32-BCD4E91A1D4A}.AppStore|Any CPU.ActiveCfg = Debug|Any CPU
		{88AF8402-4C75-442A-8B32-BCD4E91A1D4A}.AppStore|Any CPU.Build.0 = Debug|Any CPU
		{88AF8402-4C75-442A-8B32-BCD4E91A1D4A}.AppStore|iPhone.ActiveCfg = Debug|Any CPU
		{88AF8402-4C75-442A-8B32-BCD4E91A1D4A}.AppStore|iPhone.Build.0 = Debug|Any CPU
		{88AF8402-4C75-442A-8B32-BCD4E91A1D4A}.AppStore|iPhoneSimulator.ActiveCfg = Debug|Any CPU
		{88AF8402-4C75-442A-8B32-BCD4E91A1D4A}.AppStore|iPhoneSimulator.Build.0 = Debug|Any CPU
		{88AF8402-4C75-442A-8B32-BCD4E91A1D4A}.Debug|Any CPU.ActiveCfg = Debug|Any CPU
		{88AF8402-4C75-442A-8B32-BCD4E91A1D4A}.Debug|Any CPU.Build.0 = Debug|Any CPU
		{88AF8402-4C75-442A-8B32-BCD4E91A1D4A}.Debug|iPhone.ActiveCfg = Debug|Any CPU
		{88AF8402-4C75-442A-8B32-BCD4E91A1D4A}.Debug|iPhone.Build.0 = Debug|Any CPU
		{88AF8402-4C75-442A-8B32-BCD4E91A1D4A}.Debug|iPhoneSimulator.ActiveCfg = Debug|Any CPU
		{88AF8402-4C75-442A-8B32-BCD4E91A1D4A}.Debug|iPhoneSimulator.Build.0 = Debug|Any CPU
		{88AF8402-4C75-442A-8B32-BCD4E91A1D4A}.Release|Any CPU.ActiveCfg = Release|Any CPU
		{88AF8402-4C75-442A-8B32-BCD4E91A1D4A}.Release|Any CPU.Build.0 = Release|Any CPU
		{88AF8402-4C75-442A-8B32-BCD4E91A1D4A}.Release|iPhone.ActiveCfg = Release|Any CPU
		{88AF8402-4C75-442A-8B32-BCD4E91A1D4A}.Release|iPhone.Build.0 = Release|Any CPU
		{88AF8402-4C75-442A-8B32-BCD4E91A1D4A}.Release|iPhoneSimulator.ActiveCfg = Release|Any CPU
		{88AF8402-4C75-442A-8B32-BCD4E91A1D4A}.Release|iPhoneSimulator.Build.0 = Release|Any CPU
	EndGlobalSection
	GlobalSection(SolutionProperties) = preSolution
		HideSolutionNode = FALSE
	EndGlobalSection
	GlobalSection(ExtensibilityGlobals) = postSolution
		SolutionGuid = {E2A9A45A-99D9-4BCB-AB24-28378B4BC796}
	EndGlobalSection
	GlobalSection(NestedProjects) = preSolution
		{F05DA36F-53AE-4F47-BEBA-16EC7C3C7F24} = {85896D7F-67D3-4B01-A91F-4EBE873F48B9}
		{372EC928-59BE-4FDE-A4C7-3534B9FFFC2B} = {A77B0876-7AC9-4319-BBC8-BBC564591019}
		{D4B9C10D-8F9E-4EA3-918E-922FFCA238CC} = {A77B0876-7AC9-4319-BBC8-BBC564591019}
		{CFC3703C-C42B-45EF-8399-7501BAFF3F25} = {0461133D-28EF-4281-88ED-6B915B3A9632}
		{88AF8402-4C75-442A-8B32-BCD4E91A1D4A} = {85896D7F-67D3-4B01-A91F-4EBE873F48B9}
	EndGlobalSection
EndGlobal
